
Microsoft Visual Studio Solution File, Format Version 12.00
# Visual Studio Version 17
VisualStudioVersion = 17.0.31903.59
MinimumVisualStudioVersion = 10.0.40219.1
Project("{9A19103F-16F7-4668-BE54-9A1E7A4F7556}") = "Wapc", "wapc\Wapc.csproj", "{15A9E485-5F05-45B1-9A8E-3E8F1A3EA2D1}"
EndProject
Project("{9A19103F-16F7-4668-BE54-9A1E7A4F7556}") = "Wapc.Providers.Wasmtime", "Wapc.Providers.Wasmtime\Wapc.Providers.Wasmtime.csproj", "{F8A72CFF-5990-4421-A5E5-7D08F08C9D10}"
EndProject
Project("{9A19103F-16F7-4668-BE54-9A1E7A4F7556}") = "example", "example\example.csproj", "{F1FE107F-59E4-4442-B17C-2CEF3ECA660A}"
EndProject
Project("{9A19103F-16F7-4668-BE54-9A1E7A4F7556}") = "Wasmtime", "..\wasmtime-dotnet\src\Wasmtime.csproj", "{9E14BA47-14E5-4F7E-86C9-DCD0A63CFFA7}"
EndProject
Global
	GlobalSection(SolutionConfigurationPlatforms) = preSolution
		Debug|Any CPU = Debug|Any CPU
		Release|Any CPU = Release|Any CPU
	EndGlobalSection
	GlobalSection(ProjectConfigurationPlatforms) = postSolution
		{15A9E485-5F05-45B1-9A8E-3E8F1A3EA2D1}.Debug|Any CPU.ActiveCfg = Debug|Any CPU
		{15A9E485-5F05-45B1-9A8E-3E8F1A3EA2D1}.Debug|Any CPU.Build.0 = Debug|Any CPU
		{15A9E485-5F05-45B1-9A8E-3E8F1A3EA2D1}.Release|Any CPU.ActiveCfg = Release|Any CPU
		{15A9E485-5F05-45B1-9A8E-3E8F1A3EA2D1}.Release|Any CPU.Build.0 = Release|Any CPU
		{F8A72CFF-5990-4421-A5E5-7D08F08C9D10}.Debug|Any CPU.ActiveCfg = Debug|Any CPU
		{F8A72CFF-5990-4421-A5E5-7D08F08C9D10}.Debug|Any CPU.Build.0 = Debug|Any CPU
		{F8A72CFF-5990-4421-A5E5-7D08F08C9D10}.Release|Any CPU.ActiveCfg = Release|Any CPU
		{F8A72CFF-5990-4421-A5E5-7D08F08C9D10}.Release|Any CPU.Build.0 = Release|Any CPU
		{F1FE107F-59E4-4442-B17C-2CEF3ECA660A}.Debug|Any CPU.ActiveCfg = Debug|Any CPU
		{F1FE107F-59E4-4442-B17C-2CEF3ECA660A}.Debug|Any CPU.Build.0 = Debug|Any CPU
		{F1FE107F-59E4-4442-B17C-2CEF3ECA660A}.Release|Any CPU.ActiveCfg = Release|Any CPU
		{F1FE107F-59E4-4442-B17C-2CEF3ECA660A}.Release|Any CPU.Build.0 = Release|Any CPU
		{9E14BA47-14E5-4F7E-86C9-DCD0A63CFFA7}.Debug|Any CPU.ActiveCfg = Debug|Any CPU
		{9E14BA47-14E5-4F7E-86C9-DCD0A63CFFA7}.Debug|Any CPU.Build.0 = Debug|Any CPU
		{9E14BA47-14E5-4F7E-86C9-DCD0A63CFFA7}.Release|Any CPU.ActiveCfg = Release|Any CPU
		{9E14BA47-14E5-4F7E-86C9-DCD0A63CFFA7}.Release|Any CPU.Build.0 = Release|Any CPU
	EndGlobalSection
	GlobalSection(SolutionProperties) = preSolution
		HideSolutionNode = FALSE
	EndGlobalSection
	GlobalSection(ExtensibilityGlobals) = postSolution
		SolutionGuid = {E13530D5-53E5-4268-A739-9170C97577A5}
	EndGlobalSection
EndGlobal
